# THIS IS AN AUTOGENERATED FILE. DO NOT EDIT THIS FILE DIRECTLY.
# yarn lockfile v1


"@types/node@^20.4.6":
  version "20.4.6"
  resolved "https://registry.yarnpkg.com/@types/node/-/node-20.4.6.tgz#b66b66c9bb5d49b199f03399e341c9d6036e9e88"
  integrity sha512-q0RkvNgMweWWIvSMDiXhflGUKMdIxBo2M2tYM/0kEGDueQByFzK4KZAgu5YHGFNxziTlppNpTIBcqHQAxlfHdA==
